{
  "object": {
    "pins": [
      {
        "package": "Alamofire",
        "repositoryURL": "https://github.com/Alamofire/Alamofire",
        "state": {
          "branch": null,
          "revision": "9e0328127dfb801cefe8ac53a13c0c90a7770448",
          "version": "5.4.0"
        }
      },
      {
        "package": "CwlCatchException",
        "repositoryURL": "https://github.com/mattgallagher/CwlCatchException.git",
        "state": {
          "branch": null,
          "revision": "f809deb30dc5c9d9b78c872e553261a61177721a",
          "version": "2.0.0"
        }
      },
      {
        "package": "CwlPreconditionTesting",
        "repositoryURL": "https://github.com/mattgallagher/CwlPreconditionTesting.git",
        "state": {
          "branch": null,
          "revision": "02b7a39a99c4da27abe03cab2053a9034379639f",
          "version": "2.0.0"
        }
      },
      {
        "package": "JWTDecode",
        "repositoryURL": "https://github.com/auth0/JWTDecode.swift",
        "state": {
          "branch": null,
          "revision": "ee8c8edcb966a8fa123a25532ed3f189371da739",
          "version": "2.5.0"
        }
      },
      {
        "package": "Nimble",
        "repositoryURL": "https://github.com/Quick/Nimble.git",
        "state": {
          "branch": null,
          "revision": "e491a6731307bb23783bf664d003be9b2fa59ab5",
          "version": "9.0.0"
        }
      },
      {
        "package": "ObjectMapper",
        "repositoryURL": "https://github.com/Hearst-DD/ObjectMapper",
        "state": {
          "branch": null,
          "revision": "0b96a734de3ea1c87374ae677064f86adb0716ec",
          "version": "4.2.0"
        }
      },
      {
        "package": "PromiseKit",
        "repositoryURL": "https://github.com/mxcl/PromiseKit",
        "state": {
          "branch": null,
          "revision": "aea48ea1855f5d82e2dffa6027afce3aab8f3dd7",
          "version": "6.13.3"
        }
      },
      {
        "package": "Quick",
        "repositoryURL": "https://github.com/Quick/Quick.git",
        "state": {
          "branch": null,
          "revision": "0038bcbab4292f3b028632556507c124e5ba69f3",
          "version": "3.0.0"
        }
      },
      {
        "package": "PayseraAccountsSDK",
        "repositoryURL": "https://github.com/softwaresaiyajin/swift-lib-accounts-sdk",
        "state": {
          "branch": "APPIOS-2549",
          "revision": "f5823a1dfd2b39c21d2869eee5e6bbeb7010f52c",
          "version": null
        }
      },
      {
        "package": "PayseraCommonSDK",
        "repositoryURL": "https://github.com/paysera/swift-lib-common-sdk",
        "state": {
          "branch": null,
          "revision": "90bcdfd1ccdf8730cc29175c207f97b47db35633",
          "version": "3.0.1"
        }
      }
    ]
  },
  "version": 1
}
