// !$*UTF8*$!
{
	archiveVersion = 1;
	classes = {
	};
	objectVersion = 50;
	objects = {

/* Begin PBXBuildFile section */
		1CC63041221C11230092AF33 /* PayseraRecurringPaymentsSDK.framework in Frameworks */ = {isa = PBXBuildFile; fileRef = 1CC63037221C11230092AF33 /* PayseraRecurringPaymentsSDK.framework */; };
		1CC63046221C11230092AF33 /* PayseraRecurringPaymentsSDKTests.swift in Sources */ = {isa = PBXBuildFile; fileRef = 1CC63045221C11230092AF33 /* PayseraRecurringPaymentsSDKTests.swift */; };
		1CC63062221C11880092AF33 /* RecurringPaymentsApiClient.swift in Sources */ = {isa = PBXBuildFile; fileRef = 1CC6305C221C11880092AF33 /* RecurringPaymentsApiClient.swift */; };
		1CC63064221C11880092AF33 /* RecurringPaymentsApiClientFactory.swift in Sources */ = {isa = PBXBuildFile; fileRef = 1CC6305E221C11880092AF33 /* RecurringPaymentsApiClientFactory.swift */; };
		1CC6307D221C17580092AF33 /* Recurrence.swift in Sources */ = {isa = PBXBuildFile; fileRef = 1CC6307C221C17580092AF33 /* Recurrence.swift */; };
		1CF95745221D74A0007DE4AA /* RecurringPaymentsApiRequestRouter.swift in Sources */ = {isa = PBXBuildFile; fileRef = 1CF95744221D74A0007DE4AA /* RecurringPaymentsApiRequestRouter.swift */; };
		ED6465F522C9FD7D00359AE1 /* PayseraAccountsSDK.framework in Frameworks */ = {isa = PBXBuildFile; fileRef = ED6465F422C9FD7D00359AE1 /* PayseraAccountsSDK.framework */; };
		ED716C1322C9055E006D90F8 /* RecurrenceFilter.swift in Sources */ = {isa = PBXBuildFile; fileRef = ED716C1222C9055E006D90F8 /* RecurrenceFilter.swift */; };
		ED8FB00222BA6DA700792600 /* PayseraCommonSDK.framework in Frameworks */ = {isa = PBXBuildFile; fileRef = ED8FB00122BA6DA700792600 /* PayseraCommonSDK.framework */; };
/* End PBXBuildFile section */

/* Begin PBXContainerItemProxy section */
		1CC63042221C11230092AF33 /* PBXContainerItemProxy */ = {
			isa = PBXContainerItemProxy;
			containerPortal = 1CC6302E221C11230092AF33 /* Project object */;
			proxyType = 1;
			remoteGlobalIDString = 1CC63036221C11230092AF33;
			remoteInfo = PayseraRecurringPaymentsSDK;
		};
/* End PBXContainerItemProxy section */

/* Begin PBXFileReference section */
		1CC63037221C11230092AF33 /* PayseraRecurringPaymentsSDK.framework */ = {isa = PBXFileReference; explicitFileType = wrapper.framework; includeInIndex = 0; path = PayseraRecurringPaymentsSDK.framework; sourceTree = BUILT_PRODUCTS_DIR; };
		1CC6303A221C11230092AF33 /* PayseraRecurringPaymentsSDK.h */ = {isa = PBXFileReference; lastKnownFileType = sourcecode.c.h; path = PayseraRecurringPaymentsSDK.h; sourceTree = "<group>"; };
		1CC6303B221C11230092AF33 /* PayserRecurringPaymentsSDKInfo.plist */ = {isa = PBXFileReference; lastKnownFileType = text.plist.xml; path = PayserRecurringPaymentsSDKInfo.plist; sourceTree = "<group>"; };
		1CC63040221C11230092AF33 /* PayseraRecurringPaymentsSDKTests.xctest */ = {isa = PBXFileReference; explicitFileType = wrapper.cfbundle; includeInIndex = 0; path = PayseraRecurringPaymentsSDKTests.xctest; sourceTree = BUILT_PRODUCTS_DIR; };
		1CC63045221C11230092AF33 /* PayseraRecurringPaymentsSDKTests.swift */ = {isa = PBXFileReference; lastKnownFileType = sourcecode.swift; path = PayseraRecurringPaymentsSDKTests.swift; sourceTree = "<group>"; };
		1CC63047221C11230092AF33 /* PayseraRecurringPaymentsSDKTests.plist */ = {isa = PBXFileReference; lastKnownFileType = text.plist.xml; path = PayseraRecurringPaymentsSDKTests.plist; sourceTree = "<group>"; };
		1CC6305C221C11880092AF33 /* RecurringPaymentsApiClient.swift */ = {isa = PBXFileReference; fileEncoding = 4; lastKnownFileType = sourcecode.swift; path = RecurringPaymentsApiClient.swift; sourceTree = "<group>"; };
		1CC6305E221C11880092AF33 /* RecurringPaymentsApiClientFactory.swift */ = {isa = PBXFileReference; fileEncoding = 4; lastKnownFileType = sourcecode.swift; path = RecurringPaymentsApiClientFactory.swift; sourceTree = "<group>"; };
		1CC6306A221C11D20092AF33 /* JWTDecode.framework */ = {isa = PBXFileReference; lastKnownFileType = wrapper.framework; name = JWTDecode.framework; path = Carthage/Build/iOS/JWTDecode.framework; sourceTree = "<group>"; };
		1CC6306B221C11D20092AF33 /* ObjectMapper.framework */ = {isa = PBXFileReference; lastKnownFileType = wrapper.framework; name = ObjectMapper.framework; path = Carthage/Build/iOS/ObjectMapper.framework; sourceTree = "<group>"; };
		1CC6306C221C11D20092AF33 /* Alamofire.framework */ = {isa = PBXFileReference; lastKnownFileType = wrapper.framework; name = Alamofire.framework; path = Carthage/Build/iOS/Alamofire.framework; sourceTree = "<group>"; };
		1CC6306D221C11D20092AF33 /* PromiseKit.framework */ = {isa = PBXFileReference; lastKnownFileType = wrapper.framework; name = PromiseKit.framework; path = Carthage/Build/iOS/PromiseKit.framework; sourceTree = "<group>"; };
		1CC6307C221C17580092AF33 /* Recurrence.swift */ = {isa = PBXFileReference; lastKnownFileType = sourcecode.swift; path = Recurrence.swift; sourceTree = "<group>"; };
		1CF9573E221D6F38007DE4AA /* Cartfile.resolved */ = {isa = PBXFileReference; fileEncoding = 4; lastKnownFileType = text; path = Cartfile.resolved; sourceTree = "<group>"; };
		1CF9573F221D6F38007DE4AA /* Cartfile */ = {isa = PBXFileReference; fileEncoding = 4; lastKnownFileType = text; path = Cartfile; sourceTree = "<group>"; };
		1CF95744221D74A0007DE4AA /* RecurringPaymentsApiRequestRouter.swift */ = {isa = PBXFileReference; fileEncoding = 4; lastKnownFileType = sourcecode.swift; path = RecurringPaymentsApiRequestRouter.swift; sourceTree = "<group>"; };
		ED6465F422C9FD7D00359AE1 /* PayseraAccountsSDK.framework */ = {isa = PBXFileReference; lastKnownFileType = wrapper.framework; name = PayseraAccountsSDK.framework; path = Carthage/Build/iOS/PayseraAccountsSDK.framework; sourceTree = "<group>"; };
		ED716C1222C9055E006D90F8 /* RecurrenceFilter.swift */ = {isa = PBXFileReference; lastKnownFileType = sourcecode.swift; path = RecurrenceFilter.swift; sourceTree = "<group>"; };
		ED8FB00122BA6DA700792600 /* PayseraCommonSDK.framework */ = {isa = PBXFileReference; lastKnownFileType = wrapper.framework; name = PayseraCommonSDK.framework; path = "../swift-lib-accounts-sdk/Carthage/Build/iOS/PayseraCommonSDK.framework"; sourceTree = "<group>"; };
/* End PBXFileReference section */

/* Begin PBXFrameworksBuildPhase section */
		1CC63034221C11230092AF33 /* Frameworks */ = {
			isa = PBXFrameworksBuildPhase;
			buildActionMask = 2147483647;
			files = (
				ED8FB00222BA6DA700792600 /* PayseraCommonSDK.framework in Frameworks */,
				ED6465F522C9FD7D00359AE1 /* PayseraAccountsSDK.framework in Frameworks */,
			);
			runOnlyForDeploymentPostprocessing = 0;
		};
		1CC6303D221C11230092AF33 /* Frameworks */ = {
			isa = PBXFrameworksBuildPhase;
			buildActionMask = 2147483647;
			files = (
				1CC63041221C11230092AF33 /* PayseraRecurringPaymentsSDK.framework in Frameworks */,
			);
			runOnlyForDeploymentPostprocessing = 0;
		};
/* End PBXFrameworksBuildPhase section */

/* Begin PBXGroup section */
		1CC6302D221C11230092AF33 = {
			isa = PBXGroup;
			children = (
				1CF9573F221D6F38007DE4AA /* Cartfile */,
				1CF9573E221D6F38007DE4AA /* Cartfile.resolved */,
				1CC63069221C11BC0092AF33 /* Carthage */,
				1CC63039221C11230092AF33 /* PayseraRecurringPaymentsSDK */,
				1CC63044221C11230092AF33 /* PayseraRecurringPaymentsSDKTests */,
				1CC63038221C11230092AF33 /* Products */,
			);
			sourceTree = "<group>";
		};
		1CC63038221C11230092AF33 /* Products */ = {
			isa = PBXGroup;
			children = (
				1CC63037221C11230092AF33 /* PayseraRecurringPaymentsSDK.framework */,
				1CC63040221C11230092AF33 /* PayseraRecurringPaymentsSDKTests.xctest */,
			);
			name = Products;
			sourceTree = "<group>";
		};
		1CC63039221C11230092AF33 /* PayseraRecurringPaymentsSDK */ = {
			isa = PBXGroup;
			children = (
				1CC63060221C11880092AF33 /* Entities */,
				1CC6305B221C11880092AF33 /* Services */,
				1CC6303A221C11230092AF33 /* PayseraRecurringPaymentsSDK.h */,
				1CC6303B221C11230092AF33 /* PayserRecurringPaymentsSDKInfo.plist */,
			);
			path = PayseraRecurringPaymentsSDK;
			sourceTree = "<group>";
		};
		1CC63044221C11230092AF33 /* PayseraRecurringPaymentsSDKTests */ = {
			isa = PBXGroup;
			children = (
				1CC63045221C11230092AF33 /* PayseraRecurringPaymentsSDKTests.swift */,
				1CC63047221C11230092AF33 /* PayseraRecurringPaymentsSDKTests.plist */,
			);
			path = PayseraRecurringPaymentsSDKTests;
			sourceTree = "<group>";
		};
		1CC6305B221C11880092AF33 /* Services */ = {
			isa = PBXGroup;
			children = (
				1CC6305C221C11880092AF33 /* RecurringPaymentsApiClient.swift */,
				1CC6305E221C11880092AF33 /* RecurringPaymentsApiClientFactory.swift */,
				1CF95744221D74A0007DE4AA /* RecurringPaymentsApiRequestRouter.swift */,
			);
			path = Services;
			sourceTree = "<group>";
		};
		1CC63060221C11880092AF33 /* Entities */ = {
			isa = PBXGroup;
			children = (
				1CC6307C221C17580092AF33 /* Recurrence.swift */,
				ED716C1222C9055E006D90F8 /* RecurrenceFilter.swift */,
			);
			path = Entities;
			sourceTree = "<group>";
		};
		1CC63069221C11BC0092AF33 /* Carthage */ = {
			isa = PBXGroup;
			children = (
				ED6465F422C9FD7D00359AE1 /* PayseraAccountsSDK.framework */,
				ED8FB00122BA6DA700792600 /* PayseraCommonSDK.framework */,
				1CC6306C221C11D20092AF33 /* Alamofire.framework */,
				1CC6306A221C11D20092AF33 /* JWTDecode.framework */,
				1CC6306B221C11D20092AF33 /* ObjectMapper.framework */,
				1CC6306D221C11D20092AF33 /* PromiseKit.framework */,
			);
			name = Carthage;
			sourceTree = "<group>";
		};
/* End PBXGroup section */

/* Begin PBXHeadersBuildPhase section */
		1CC63032221C11230092AF33 /* Headers */ = {
			isa = PBXHeadersBuildPhase;
			buildActionMask = 2147483647;
			files = (
			);
			runOnlyForDeploymentPostprocessing = 0;
		};
/* End PBXHeadersBuildPhase section */

/* Begin PBXNativeTarget section */
		1CC63036221C11230092AF33 /* PayseraRecurringPaymentsSDK */ = {
			isa = PBXNativeTarget;
			buildConfigurationList = 1CC6304B221C11230092AF33 /* Build configuration list for PBXNativeTarget "PayseraRecurringPaymentsSDK" */;
			buildPhases = (
				1CC63032221C11230092AF33 /* Headers */,
				1CC63033221C11230092AF33 /* Sources */,
				1CC63034221C11230092AF33 /* Frameworks */,
				1CC63035221C11230092AF33 /* Resources */,
			);
			buildRules = (
			);
			dependencies = (
			);
			name = PayseraRecurringPaymentsSDK;
			productName = PayseraRecurringPaymentsSDK;
			productReference = 1CC63037221C11230092AF33 /* PayseraRecurringPaymentsSDK.framework */;
			productType = "com.apple.product-type.framework";
		};
		1CC6303F221C11230092AF33 /* PayseraRecurringPaymentsSDKTests */ = {
			isa = PBXNativeTarget;
			buildConfigurationList = 1CC6304E221C11230092AF33 /* Build configuration list for PBXNativeTarget "PayseraRecurringPaymentsSDKTests" */;
			buildPhases = (
				1CC6303C221C11230092AF33 /* Sources */,
				1CC6303D221C11230092AF33 /* Frameworks */,
				1CC6303E221C11230092AF33 /* Resources */,
				1CF95750221D8681007DE4AA /* Copy frameworks */,
			);
			buildRules = (
			);
			dependencies = (
				1CC63043221C11230092AF33 /* PBXTargetDependency */,
			);
			name = PayseraRecurringPaymentsSDKTests;
			productName = PayseraRecurringPaymentsSDKTests;
			productReference = 1CC63040221C11230092AF33 /* PayseraRecurringPaymentsSDKTests.xctest */;
			productType = "com.apple.product-type.bundle.unit-test";
		};
/* End PBXNativeTarget section */

/* Begin PBXProject section */
		1CC6302E221C11230092AF33 /* Project object */ = {
			isa = PBXProject;
			attributes = {
				LastSwiftUpdateCheck = 1010;
				LastUpgradeCheck = 1020;
				ORGANIZATIONNAME = Paysera;
				TargetAttributes = {
					1CC63036221C11230092AF33 = {
						CreatedOnToolsVersion = 10.1;
						LastSwiftMigration = 1010;
					};
					1CC6303F221C11230092AF33 = {
						CreatedOnToolsVersion = 10.1;
					};
				};
			};
			buildConfigurationList = 1CC63031221C11230092AF33 /* Build configuration list for PBXProject "PayseraRecurringPaymentsSDK" */;
			compatibilityVersion = "Xcode 9.3";
			developmentRegion = en;
			hasScannedForEncodings = 0;
			knownRegions = (
				en,
			);
			mainGroup = 1CC6302D221C11230092AF33;
			productRefGroup = 1CC63038221C11230092AF33 /* Products */;
			projectDirPath = "";
			projectRoot = "";
			targets = (
				1CC63036221C11230092AF33 /* PayseraRecurringPaymentsSDK */,
				1CC6303F221C11230092AF33 /* PayseraRecurringPaymentsSDKTests */,
			);
		};
/* End PBXProject section */

/* Begin PBXResourcesBuildPhase section */
		1CC63035221C11230092AF33 /* Resources */ = {
			isa = PBXResourcesBuildPhase;
			buildActionMask = 2147483647;
			files = (
			);
			runOnlyForDeploymentPostprocessing = 0;
		};
		1CC6303E221C11230092AF33 /* Resources */ = {
			isa = PBXResourcesBuildPhase;
			buildActionMask = 2147483647;
			files = (
			);
			runOnlyForDeploymentPostprocessing = 0;
		};
/* End PBXResourcesBuildPhase section */

/* Begin PBXShellScriptBuildPhase section */
		1CF95750221D8681007DE4AA /* Copy frameworks */ = {
			isa = PBXShellScriptBuildPhase;
			buildActionMask = 2147483647;
			files = (
			);
			inputFileListPaths = (
			);
			inputPaths = (
				"$(SRCROOT)/Carthage/Build/iOS/JWTDecode.framework",
				"$(SRCROOT)/Carthage/Build/iOS/Alamofire.framework",
				"$(SRCROOT)/Carthage/Build/iOS/ObjectMapper.framework",
				"$(SRCROOT)/Carthage/Build/iOS/PromiseKit.framework",
				"$(SRCROOT)/Carthage/Build/iOS/PayseraCommonSDK.framework",
				"$(SRCROOT)/Carthage/Build/iOS/PayseraAccountsSDK.framework",
			);
			name = "Copy frameworks";
			outputFileListPaths = (
			);
			outputPaths = (
			);
			runOnlyForDeploymentPostprocessing = 0;
			shellPath = /bin/sh;
			shellScript = "/usr/local/bin/carthage copy-frameworks\n";
		};
/* End PBXShellScriptBuildPhase section */

/* Begin PBXSourcesBuildPhase section */
		1CC63033221C11230092AF33 /* Sources */ = {
			isa = PBXSourcesBuildPhase;
			buildActionMask = 2147483647;
			files = (
				1CF95745221D74A0007DE4AA /* RecurringPaymentsApiRequestRouter.swift in Sources */,
				ED716C1322C9055E006D90F8 /* RecurrenceFilter.swift in Sources */,
				1CC63062221C11880092AF33 /* RecurringPaymentsApiClient.swift in Sources */,
				1CC63064221C11880092AF33 /* RecurringPaymentsApiClientFactory.swift in Sources */,
				1CC6307D221C17580092AF33 /* Recurrence.swift in Sources */,
			);
			runOnlyForDeploymentPostprocessing = 0;
		};
		1CC6303C221C11230092AF33 /* Sources */ = {
			isa = PBXSourcesBuildPhase;
			buildActionMask = 2147483647;
			files = (
				1CC63046221C11230092AF33 /* PayseraRecurringPaymentsSDKTests.swift in Sources */,
			);
			runOnlyForDeploymentPostprocessing = 0;
		};
/* End PBXSourcesBuildPhase section */

/* Begin PBXTargetDependency section */
		1CC63043221C11230092AF33 /* PBXTargetDependency */ = {
			isa = PBXTargetDependency;
			target = 1CC63036221C11230092AF33 /* PayseraRecurringPaymentsSDK */;
			targetProxy = 1CC63042221C11230092AF33 /* PBXContainerItemProxy */;
		};
/* End PBXTargetDependency section */

/* Begin XCBuildConfiguration section */
		1CC63049221C11230092AF33 /* Debug */ = {
			isa = XCBuildConfiguration;
			buildSettings = {
				ALWAYS_SEARCH_USER_PATHS = NO;
				CLANG_ANALYZER_NONNULL = YES;
				CLANG_ANALYZER_NUMBER_OBJECT_CONVERSION = YES_AGGRESSIVE;
				CLANG_CXX_LANGUAGE_STANDARD = "gnu++14";
				CLANG_CXX_LIBRARY = "libc++";
				CLANG_ENABLE_MODULES = YES;
				CLANG_ENABLE_OBJC_ARC = YES;
				CLANG_ENABLE_OBJC_WEAK = YES;
				CLANG_WARN_BLOCK_CAPTURE_AUTORELEASING = YES;
				CLANG_WARN_BOOL_CONVERSION = YES;
				CLANG_WARN_COMMA = YES;
				CLANG_WARN_CONSTANT_CONVERSION = YES;
				CLANG_WARN_DEPRECATED_OBJC_IMPLEMENTATIONS = YES;
				CLANG_WARN_DIRECT_OBJC_ISA_USAGE = YES_ERROR;
				CLANG_WARN_DOCUMENTATION_COMMENTS = YES;
				CLANG_WARN_EMPTY_BODY = YES;
				CLANG_WARN_ENUM_CONVERSION = YES;
				CLANG_WARN_INFINITE_RECURSION = YES;
				CLANG_WARN_INT_CONVERSION = YES;
				CLANG_WARN_NON_LITERAL_NULL_CONVERSION = YES;
				CLANG_WARN_OBJC_IMPLICIT_RETAIN_SELF = YES;
				CLANG_WARN_OBJC_LITERAL_CONVERSION = YES;
				CLANG_WARN_OBJC_ROOT_CLASS = YES_ERROR;
				CLANG_WARN_RANGE_LOOP_ANALYSIS = YES;
				CLANG_WARN_STRICT_PROTOTYPES = YES;
				CLANG_WARN_SUSPICIOUS_MOVE = YES;
				CLANG_WARN_UNGUARDED_AVAILABILITY = YES_AGGRESSIVE;
				CLANG_WARN_UNREACHABLE_CODE = YES;
				CLANG_WARN__DUPLICATE_METHOD_MATCH = YES;
				CODE_SIGN_IDENTITY = "iPhone Developer";
				COPY_PHASE_STRIP = NO;
				CURRENT_PROJECT_VERSION = 1;
				DEBUG_INFORMATION_FORMAT = dwarf;
				ENABLE_STRICT_OBJC_MSGSEND = YES;
				ENABLE_TESTABILITY = YES;
				GCC_C_LANGUAGE_STANDARD = gnu11;
				GCC_DYNAMIC_NO_PIC = NO;
				GCC_NO_COMMON_BLOCKS = YES;
				GCC_OPTIMIZATION_LEVEL = 0;
				GCC_PREPROCESSOR_DEFINITIONS = (
					"DEBUG=1",
					"$(inherited)",
				);
				GCC_WARN_64_TO_32_BIT_CONVERSION = YES;
				GCC_WARN_ABOUT_RETURN_TYPE = YES_ERROR;
				GCC_WARN_UNDECLARED_SELECTOR = YES;
				GCC_WARN_UNINITIALIZED_AUTOS = YES_AGGRESSIVE;
				GCC_WARN_UNUSED_FUNCTION = YES;
				GCC_WARN_UNUSED_VARIABLE = YES;
				IPHONEOS_DEPLOYMENT_TARGET = 10.0;
				MTL_ENABLE_DEBUG_INFO = YES;
				MTL_FAST_MATH = YES;
				ONLY_ACTIVE_ARCH = YES;
				SDKROOT = iphoneos;
				SWIFT_ACTIVE_COMPILATION_CONDITIONS = DEBUG;
				SWIFT_OPTIMIZATION_LEVEL = "-Onone";
				SWIFT_VERSION = 4.0;
				VERSIONING_SYSTEM = "apple-generic";
				VERSION_INFO_PREFIX = "";
			};
			name = Debug;
		};
		1CC6304A221C11230092AF33 /* Release */ = {
			isa = XCBuildConfiguration;
			buildSettings = {
				ALWAYS_SEARCH_USER_PATHS = NO;
				CLANG_ANALYZER_NONNULL = YES;
				CLANG_ANALYZER_NUMBER_OBJECT_CONVERSION = YES_AGGRESSIVE;
				CLANG_CXX_LANGUAGE_STANDARD = "gnu++14";
				CLANG_CXX_LIBRARY = "libc++";
				CLANG_ENABLE_MODULES = YES;
				CLANG_ENABLE_OBJC_ARC = YES;
				CLANG_ENABLE_OBJC_WEAK = YES;
				CLANG_WARN_BLOCK_CAPTURE_AUTORELEASING = YES;
				CLANG_WARN_BOOL_CONVERSION = YES;
				CLANG_WARN_COMMA = YES;
				CLANG_WARN_CONSTANT_CONVERSION = YES;
				CLANG_WARN_DEPRECATED_OBJC_IMPLEMENTATIONS = YES;
				CLANG_WARN_DIRECT_OBJC_ISA_USAGE = YES_ERROR;
				CLANG_WARN_DOCUMENTATION_COMMENTS = YES;
				CLANG_WARN_EMPTY_BODY = YES;
				CLANG_WARN_ENUM_CONVERSION = YES;
				CLANG_WARN_INFINITE_RECURSION = YES;
				CLANG_WARN_INT_CONVERSION = YES;
				CLANG_WARN_NON_LITERAL_NULL_CONVERSION = YES;
				CLANG_WARN_OBJC_IMPLICIT_RETAIN_SELF = YES;
				CLANG_WARN_OBJC_LITERAL_CONVERSION = YES;
				CLANG_WARN_OBJC_ROOT_CLASS = YES_ERROR;
				CLANG_WARN_RANGE_LOOP_ANALYSIS = YES;
				CLANG_WARN_STRICT_PROTOTYPES = YES;
				CLANG_WARN_SUSPICIOUS_MOVE = YES;
				CLANG_WARN_UNGUARDED_AVAILABILITY = YES_AGGRESSIVE;
				CLANG_WARN_UNREACHABLE_CODE = YES;
				CLANG_WARN__DUPLICATE_METHOD_MATCH = YES;
				CODE_SIGN_IDENTITY = "iPhone Developer";
				COPY_PHASE_STRIP = NO;
				CURRENT_PROJECT_VERSION = 1;
				DEBUG_INFORMATION_FORMAT = "dwarf-with-dsym";
				ENABLE_NS_ASSERTIONS = NO;
				ENABLE_STRICT_OBJC_MSGSEND = YES;
				GCC_C_LANGUAGE_STANDARD = gnu11;
				GCC_NO_COMMON_BLOCKS = YES;
				GCC_WARN_64_TO_32_BIT_CONVERSION = YES;
				GCC_WARN_ABOUT_RETURN_TYPE = YES_ERROR;
				GCC_WARN_UNDECLARED_SELECTOR = YES;
				GCC_WARN_UNINITIALIZED_AUTOS = YES_AGGRESSIVE;
				GCC_WARN_UNUSED_FUNCTION = YES;
				GCC_WARN_UNUSED_VARIABLE = YES;
				IPHONEOS_DEPLOYMENT_TARGET = 10.0;
				MTL_ENABLE_DEBUG_INFO = NO;
				MTL_FAST_MATH = YES;
				SDKROOT = iphoneos;
				SWIFT_COMPILATION_MODE = wholemodule;
				SWIFT_OPTIMIZATION_LEVEL = "-O";
				SWIFT_VERSION = 4.0;
				VALIDATE_PRODUCT = YES;
				VERSIONING_SYSTEM = "apple-generic";
				VERSION_INFO_PREFIX = "";
			};
			name = Release;
		};
		1CC6304C221C11230092AF33 /* Debug */ = {
			isa = XCBuildConfiguration;
			buildSettings = {
				CLANG_ENABLE_MODULES = YES;
				CODE_SIGN_IDENTITY = "";
				CODE_SIGN_STYLE = Manual;
				DEFINES_MODULE = YES;
				DEVELOPMENT_TEAM = "";
				DYLIB_COMPATIBILITY_VERSION = 1;
				DYLIB_CURRENT_VERSION = 1;
				DYLIB_INSTALL_NAME_BASE = "@rpath";
				FRAMEWORK_SEARCH_PATHS = (
					"$(inherited)",
					"$(PROJECT_DIR)/Carthage/Build/iOS",
				);
				INFOPLIST_FILE = "$(SRCROOT)/PayseraRecurringPaymentsSDK/PayserRecurringPaymentsSDKInfo.plist";
				INSTALL_PATH = "$(LOCAL_LIBRARY_DIR)/Frameworks";
				IPHONEOS_DEPLOYMENT_TARGET = 10.0;
				LD_RUNPATH_SEARCH_PATHS = (
					"$(inherited)",
					"@executable_path/Frameworks",
					"@loader_path/Frameworks",
				);
				MTL_ENABLE_DEBUG_INFO = YES;
				PRODUCT_BUNDLE_IDENTIFIER = com.paysera.PayseraRecurringPaymentsSDK;
				PRODUCT_NAME = "$(TARGET_NAME:c99extidentifier)";
				PROVISIONING_PROFILE_SPECIFIER = "";
				SKIP_INSTALL = YES;
				SWIFT_OPTIMIZATION_LEVEL = "-Onone";
				SWIFT_VERSION = 4.0;
				TARGETED_DEVICE_FAMILY = "1,2";
			};
			name = Debug;
		};
		1CC6304D221C11230092AF33 /* Release */ = {
			isa = XCBuildConfiguration;
			buildSettings = {
				CLANG_ENABLE_MODULES = YES;
				CODE_SIGN_IDENTITY = "";
				CODE_SIGN_STYLE = Manual;
				DEFINES_MODULE = YES;
				DEVELOPMENT_TEAM = "";
				DYLIB_COMPATIBILITY_VERSION = 1;
				DYLIB_CURRENT_VERSION = 1;
				DYLIB_INSTALL_NAME_BASE = "@rpath";
				FRAMEWORK_SEARCH_PATHS = (
					"$(inherited)",
					"$(PROJECT_DIR)/Carthage/Build/iOS",
				);
				INFOPLIST_FILE = "$(SRCROOT)/PayseraRecurringPaymentsSDK/PayserRecurringPaymentsSDKInfo.plist";
				INSTALL_PATH = "$(LOCAL_LIBRARY_DIR)/Frameworks";
				IPHONEOS_DEPLOYMENT_TARGET = 10.0;
				LD_RUNPATH_SEARCH_PATHS = (
					"$(inherited)",
					"@executable_path/Frameworks",
					"@loader_path/Frameworks",
				);
				PRODUCT_BUNDLE_IDENTIFIER = com.paysera.PayseraRecurringPaymentsSDK;
				PRODUCT_NAME = "$(TARGET_NAME:c99extidentifier)";
				PROVISIONING_PROFILE_SPECIFIER = "";
				SKIP_INSTALL = YES;
				SWIFT_VERSION = 4.0;
				TARGETED_DEVICE_FAMILY = "1,2";
			};
			name = Release;
		};
		1CC6304F221C11230092AF33 /* Debug */ = {
			isa = XCBuildConfiguration;
			buildSettings = {
				ALWAYS_EMBED_SWIFT_STANDARD_LIBRARIES = YES;
				CODE_SIGN_STYLE = Manual;
				DEVELOPMENT_TEAM = EL8FMD2B3A;
				FRAMEWORK_SEARCH_PATHS = (
					"$(inherited)",
					"$(PROJECT_DIR)/Carthage/Build/iOS",
				);
				INFOPLIST_FILE = PayseraRecurringPaymentsSDKTests/PayseraRecurringPaymentsSDKTests.plist;
				LD_RUNPATH_SEARCH_PATHS = (
					"$(inherited)",
					"@executable_path/Frameworks",
					"@loader_path/Frameworks",
				);
				PRODUCT_BUNDLE_IDENTIFIER = com.paysera.PayseraRecurringPaymentsSDKTests;
				PRODUCT_NAME = "$(TARGET_NAME)";
				PROVISIONING_PROFILE_SPECIFIER = "";
				SWIFT_VERSION = 4.2;
				TARGETED_DEVICE_FAMILY = "1,2";
			};
			name = Debug;
		};
		1CC63050221C11230092AF33 /* Release */ = {
			isa = XCBuildConfiguration;
			buildSettings = {
				ALWAYS_EMBED_SWIFT_STANDARD_LIBRARIES = YES;
				CODE_SIGN_STYLE = Manual;
				DEVELOPMENT_TEAM = EL8FMD2B3A;
				FRAMEWORK_SEARCH_PATHS = (
					"$(inherited)",
					"$(PROJECT_DIR)/Carthage/Build/iOS",
				);
				INFOPLIST_FILE = PayseraRecurringPaymentsSDKTests/PayseraRecurringPaymentsSDKTests.plist;
				LD_RUNPATH_SEARCH_PATHS = (
					"$(inherited)",
					"@executable_path/Frameworks",
					"@loader_path/Frameworks",
				);
				PRODUCT_BUNDLE_IDENTIFIER = com.paysera.PayseraRecurringPaymentsSDKTests;
				PRODUCT_NAME = "$(TARGET_NAME)";
				PROVISIONING_PROFILE_SPECIFIER = "";
				SWIFT_VERSION = 4.2;
				TARGETED_DEVICE_FAMILY = "1,2";
			};
			name = Release;
		};
/* End XCBuildConfiguration section */

/* Begin XCConfigurationList section */
		1CC63031221C11230092AF33 /* Build configuration list for PBXProject "PayseraRecurringPaymentsSDK" */ = {
			isa = XCConfigurationList;
			buildConfigurations = (
				1CC63049221C11230092AF33 /* Debug */,
				1CC6304A221C11230092AF33 /* Release */,
			);
			defaultConfigurationIsVisible = 0;
			defaultConfigurationName = Release;
		};
		1CC6304B221C11230092AF33 /* Build configuration list for PBXNativeTarget "PayseraRecurringPaymentsSDK" */ = {
			isa = XCConfigurationList;
			buildConfigurations = (
				1CC6304C221C11230092AF33 /* Debug */,
				1CC6304D221C11230092AF33 /* Release */,
			);
			defaultConfigurationIsVisible = 0;
			defaultConfigurationName = Release;
		};
		1CC6304E221C11230092AF33 /* Build configuration list for PBXNativeTarget "PayseraRecurringPaymentsSDKTests" */ = {
			isa = XCConfigurationList;
			buildConfigurations = (
				1CC6304F221C11230092AF33 /* Debug */,
				1CC63050221C11230092AF33 /* Release */,
			);
			defaultConfigurationIsVisible = 0;
			defaultConfigurationName = Release;
		};
/* End XCConfigurationList section */
	};
	rootObject = 1CC6302E221C11230092AF33 /* Project object */;
}
